
Microsoft Visual Studio Solution File, Format Version 12.00
# Visual Studio Version 16
VisualStudioVersion = 16.0.30907.101
MinimumVisualStudioVersion = 10.0.40219.1
Project("{FAE04EC0-301F-11D3-BF4B-00C04F79EFBC}") = "WebAppTut", "WebAppTut.csproj", "{604F937A-8FCE-451B-A9B4-A0FE4F9EBCC7}"
EndProject
Global
	GlobalSection(SolutionConfigurationPlatforms) = preSolution
		Debug|Any CPU = Debug|Any CPU
		Release|Any CPU = Release|Any CPU
	EndGlobalSection
	GlobalSection(ProjectConfigurationPlatforms) = postSolution
		{604F937A-8FCE-451B-A9B4-A0FE4F9EBCC7}.Debug|Any CPU.ActiveCfg = Debug|Any CPU
		{604F937A-8FCE-451B-A9B4-A0FE4F9EBCC7}.Debug|Any CPU.Build.0 = Debug|Any CPU
		{604F937A-8FCE-451B-A9B4-A0FE4F9EBCC7}.Release|Any CPU.ActiveCfg = Release|Any CPU
		{604F937A-8FCE-451B-A9B4-A0FE4F9EBCC7}.Release|Any CPU.Build.0 = Release|Any CPU
	EndGlobalSection
	GlobalSection(SolutionProperties) = preSolution
		HideSolutionNode = FALSE
	EndGlobalSection
	GlobalSection(ExtensibilityGlobals) = postSolution
		SolutionGuid = {EC29C3FE-84BC-43EF-8343-DB780C684022}
	EndGlobalSection
EndGlobal
